// !$*UTF8*$!
{
	archiveVersion = 1;
	classes = {
	};
	objectVersion = 56;
	objects = {

/* Begin PBXBuildFile section */
		85DAC1192C975BE00026A171 /* Milos_ShopApp.swift in Sources */ = {isa = PBXBuildFile; fileRef = 85DAC1182C975BE00026A171 /* Milos_ShopApp.swift */; };
		85DAC11B2C975BE00026A171 /* ContentView.swift in Sources */ = {isa = PBXBuildFile; fileRef = 85DAC11A2C975BE00026A171 /* ContentView.swift */; };
		85DAC11D2C975BE10026A171 /* Assets.xcassets in Resources */ = {isa = PBXBuildFile; fileRef = 85DAC11C2C975BE10026A171 /* Assets.xcassets */; };
		85DAC1202C975BE10026A171 /* Preview Assets.xcassets in Resources */ = {isa = PBXBuildFile; fileRef = 85DAC11F2C975BE10026A171 /* Preview Assets.xcassets */; };
		85DAC12A2C975BE20026A171 /* Milos_ShopTests.swift in Sources */ = {isa = PBXBuildFile; fileRef = 85DAC1292C975BE20026A171 /* Milos_ShopTests.swift */; };
		85DAC1342C975BE20026A171 /* Milos_ShopUITests.swift in Sources */ = {isa = PBXBuildFile; fileRef = 85DAC1332C975BE20026A171 /* Milos_ShopUITests.swift */; };
		85DAC1362C975BE20026A171 /* Milos_ShopUITestsLaunchTests.swift in Sources */ = {isa = PBXBuildFile; fileRef = 85DAC1352C975BE20026A171 /* Milos_ShopUITestsLaunchTests.swift */; };
		85DAC1432C9772E00026A171 /* ConfettiView.swift in Sources */ = {isa = PBXBuildFile; fileRef = 85DAC1422C9772E00026A171 /* ConfettiView.swift */; };
/* End PBXBuildFile section */

/* Begin PBXContainerItemProxy section */
		85DAC1262C975BE20026A171 /* PBXContainerItemProxy */ = {
			isa = PBXContainerItemProxy;
			containerPortal = 85DAC10D2C975BDF0026A171 /* Project object */;
			proxyType = 1;
			remoteGlobalIDString = 85DAC1142C975BE00026A171;
			remoteInfo = "Milos Shop";
		};
		85DAC1302C975BE20026A171 /* PBXContainerItemProxy */ = {
			isa = PBXContainerItemProxy;
			containerPortal = 85DAC10D2C975BDF0026A171 /* Project object */;
			proxyType = 1;
			remoteGlobalIDString = 85DAC1142C975BE00026A171;
			remoteInfo = "Milos Shop";
		};
/* End PBXContainerItemProxy section */

/* Begin PBXFileReference section */
		85DAC1152C975BE00026A171 /* Milos Shop.app */ = {isa = PBXFileReference; explicitFileType = wrapper.application; includeInIndex = 0; path = "Milos Shop.app"; sourceTree = BUILT_PRODUCTS_DIR; };
		85DAC1182C975BE00026A171 /* Milos_ShopApp.swift */ = {isa = PBXFileReference; lastKnownFileType = sourcecode.swift; path = Milos_ShopApp.swift; sourceTree = "<group>"; };
		85DAC11A2C975BE00026A171 /* ContentView.swift */ = {isa = PBXFileReference; lastKnownFileType = sourcecode.swift; path = ContentView.swift; sourceTree = "<group>"; tabWidth = 4; };
		85DAC11C2C975BE10026A171 /* Assets.xcassets */ = {isa = PBXFileReference; lastKnownFileType = folder.assetcatalog; path = Assets.xcassets; sourceTree = "<group>"; };
		85DAC11F2C975BE10026A171 /* Preview Assets.xcassets */ = {isa = PBXFileReference; lastKnownFileType = folder.assetcatalog; path = "Preview Assets.xcassets"; sourceTree = "<group>"; };
		85DAC1252C975BE20026A171 /* Milos ShopTests.xctest */ = {isa = PBXFileReference; explicitFileType = wrapper.cfbundle; includeInIndex = 0; path = "Milos ShopTests.xctest"; sourceTree = BUILT_PRODUCTS_DIR; };
		85DAC1292C975BE20026A171 /* Milos_ShopTests.swift */ = {isa = PBXFileReference; lastKnownFileType = sourcecode.swift; path = Milos_ShopTests.swift; sourceTree = "<group>"; };
		85DAC12F2C975BE20026A171 /* Milos ShopUITests.xctest */ = {isa = PBXFileReference; explicitFileType = wrapper.cfbundle; includeInIndex = 0; path = "Milos ShopUITests.xctest"; sourceTree = BUILT_PRODUCTS_DIR; };
		85DAC1332C975BE20026A171 /* Milos_ShopUITests.swift */ = {isa = PBXFileReference; lastKnownFileType = sourcecode.swift; path = Milos_ShopUITests.swift; sourceTree = "<group>"; };
		85DAC1352C975BE20026A171 /* Milos_ShopUITestsLaunchTests.swift */ = {isa = PBXFileReference; lastKnownFileType = sourcecode.swift; path = Milos_ShopUITestsLaunchTests.swift; sourceTree = "<group>"; };
		85DAC1422C9772E00026A171 /* ConfettiView.swift */ = {isa = PBXFileReference; lastKnownFileType = sourcecode.swift; path = ConfettiView.swift; sourceTree = "<group>"; };
/* End PBXFileReference section */

/* Begin PBXFrameworksBuildPhase section */
		85DAC1122C975BE00026A171 /* Frameworks */ = {
			isa = PBXFrameworksBuildPhase;
			buildActionMask = 2147483647;
			files = (
			);
			runOnlyForDeploymentPostprocessing = 0;
		};
		85DAC1222C975BE20026A171 /* Frameworks */ = {
			isa = PBXFrameworksBuildPhase;
			buildActionMask = 2147483647;
			files = (
			);
			runOnlyForDeploymentPostprocessing = 0;
		};
		85DAC12C2C975BE20026A171 /* Frameworks */ = {
			isa = PBXFrameworksBuildPhase;
			buildActionMask = 2147483647;
			files = (
			);
			runOnlyForDeploymentPostprocessing = 0;
		};
/* End PBXFrameworksBuildPhase section */

/* Begin PBXGroup section */
		85DAC10C2C975BDF0026A171 = {
			isa = PBXGroup;
			children = (
				85DAC1422C9772E00026A171 /* ConfettiView.swift */,
				85DAC1172C975BE00026A171 /* Milos Shop */,
				85DAC1282C975BE20026A171 /* Milos ShopTests */,
				85DAC1322C975BE20026A171 /* Milos ShopUITests */,
				85DAC1162C975BE00026A171 /* Products */,
			);
			sourceTree = "<group>";
		};
		85DAC1162C975BE00026A171 /* Products */ = {
			isa = PBXGroup;
			children = (
				85DAC1152C975BE00026A171 /* Milos Shop.app */,
				85DAC1252C975BE20026A171 /* Milos ShopTests.xctest */,
				85DAC12F2C975BE20026A171 /* Milos ShopUITests.xctest */,
			);
			name = Products;
			sourceTree = "<group>";
		};
		85DAC1172C975BE00026A171 /* Milos Shop */ = {
			isa = PBXGroup;
			children = (
				85DAC1182C975BE00026A171 /* Milos_ShopApp.swift */,
				85DAC11A2C975BE00026A171 /* ContentView.swift */,
				85DAC11C2C975BE10026A171 /* Assets.xcassets */,
				85DAC11E2C975BE10026A171 /* Preview Content */,
			);
			path = "Milos Shop";
			sourceTree = "<group>";
		};
		85DAC11E2C975BE10026A171 /* Preview Content */ = {
			isa = PBXGroup;
			children = (
				85DAC11F2C975BE10026A171 /* Preview Assets.xcassets */,
			);
			path = "Preview Content";
			sourceTree = "<group>";
		};
		85DAC1282C975BE20026A171 /* Milos ShopTests */ = {
			isa = PBXGroup;
			children = (
				85DAC1292C975BE20026A171 /* Milos_ShopTests.swift */,
			);
			path = "Milos ShopTests";
			sourceTree = "<group>";
		};
		85DAC1322C975BE20026A171 /* Milos ShopUITests */ = {
			isa = PBXGroup;
			children = (
				85DAC1332C975BE20026A171 /* Milos_ShopUITests.swift */,
				85DAC1352C975BE20026A171 /* Milos_ShopUITestsLaunchTests.swift */,
			);
			path = "Milos ShopUITests";
			sourceTree = "<group>";
		};
/* End PBXGroup section */

/* Begin PBXNativeTarget section */
		85DAC1142C975BE00026A171 /* Milos Shop */ = {
			isa = PBXNativeTarget;
			buildConfigurationList = 85DAC1392C975BE20026A171 /* Build configuration list for PBXNativeTarget "Milos Shop" */;
			buildPhases = (
				85DAC1112C975BE00026A171 /* Sources */,
				85DAC1122C975BE00026A171 /* Frameworks */,
				85DAC1132C975BE00026A171 /* Resources */,
			);
			buildRules = (
			);
			dependencies = (
			);
			name = "Milos Shop";
			productName = "Milos Shop";
			productReference = 85DAC1152C975BE00026A171 /* Milos Shop.app */;
			productType = "com.apple.product-type.application";
		};
		85DAC1242C975BE20026A171 /* Milos ShopTests */ = {
			isa = PBXNativeTarget;
			buildConfigurationList = 85DAC13C2C975BE20026A171 /* Build configuration list for PBXNativeTarget "Milos ShopTests" */;
			buildPhases = (
				85DAC1212C975BE20026A171 /* Sources */,
				85DAC1222C975BE20026A171 /* Frameworks */,
				85DAC1232C975BE20026A171 /* Resources */,
			);
			buildRules = (
			);
			dependencies = (
				85DAC1272C975BE20026A171 /* PBXTargetDependency */,
			);
			name = "Milos ShopTests";
			productName = "Milos ShopTests";
			productReference = 85DAC1252C975BE20026A171 /* Milos ShopTests.xctest */;
			productType = "com.apple.product-type.bundle.unit-test";
		};
		85DAC12E2C975BE20026A171 /* Milos ShopUITests */ = {
			isa = PBXNativeTarget;
			buildConfigurationList = 85DAC13F2C975BE20026A171 /* Build configuration list for PBXNativeTarget "Milos ShopUITests" */;
			buildPhases = (
				85DAC12B2C975BE20026A171 /* Sources */,
				85DAC12C2C975BE20026A171 /* Frameworks */,
				85DAC12D2C975BE20026A171 /* Resources */,
			);
			buildRules = (
			);
			dependencies = (
				85DAC1312C975BE20026A171 /* PBXTargetDependency */,
			);
			name = "Milos ShopUITests";
			productName = "Milos ShopUITests";
			productReference = 85DAC12F2C975BE20026A171 /* Milos ShopUITests.xctest */;
			productType = "com.apple.product-type.bundle.ui-testing";
		};
/* End PBXNativeTarget section */

/* Begin PBXProject section */
		85DAC10D2C975BDF0026A171 /* Project object */ = {
			isa = PBXProject;
			attributes = {
				BuildIndependentTargetsInParallel = 1;
				LastSwiftUpdateCheck = 1540;
				LastUpgradeCheck = 1540;
				TargetAttributes = {
					85DAC1142C975BE00026A171 = {
						CreatedOnToolsVersion = 15.4;
					};
					85DAC1242C975BE20026A171 = {
						CreatedOnToolsVersion = 15.4;
						TestTargetID = 85DAC1142C975BE00026A171;
					};
					85DAC12E2C975BE20026A171 = {
						CreatedOnToolsVersion = 15.4;
						TestTargetID = 85DAC1142C975BE00026A171;
					};
				};
			};
			buildConfigurationList = 85DAC1102C975BDF0026A171 /* Build configuration list for PBXProject "Milos Shop" */;
			compatibilityVersion = "Xcode 14.0";
			developmentRegion = en;
			hasScannedForEncodings = 0;
			knownRegions = (
				en,
				Base,
			);
			mainGroup = 85DAC10C2C975BDF0026A171;
			productRefGroup = 85DAC1162C975BE00026A171 /* Products */;
			projectDirPath = "";
			projectRoot = "";
			targets = (
				85DAC1142C975BE00026A171 /* Milos Shop */,
				85DAC1242C975BE20026A171 /* Milos ShopTests */,
				85DAC12E2C975BE20026A171 /* Milos ShopUITests */,
			);
		};
/* End PBXProject section */

/* Begin PBXResourcesBuildPhase section */
		85DAC1132C975BE00026A171 /* Resources */ = {
			isa = PBXResourcesBuildPhase;
			buildActionMask = 2147483647;
			files = (
				85DAC1202C975BE10026A171 /* Preview Assets.xcassets in Resources */,
				85DAC11D2C975BE10026A171 /* Assets.xcassets in Resources */,
			);
			runOnlyForDeploymentPostprocessing = 0;
		};
		85DAC1232C975BE20026A171 /* Resources */ = {
			isa = PBXResourcesBuildPhase;
			buildActionMask = 2147483647;
			files = (
			);
			runOnlyForDeploymentPostprocessing = 0;
		};
		85DAC12D2C975BE20026A171 /* Resources */ = {
			isa = PBXResourcesBuildPhase;
			buildActionMask = 2147483647;
			files = (
			);
			runOnlyForDeploymentPostprocessing = 0;
		};
/* End PBXResourcesBuildPhase section */

/* Begin PBXSourcesBuildPhase section */
		85DAC1112C975BE00026A171 /* Sources */ = {
			isa = PBXSourcesBuildPhase;
			buildActionMask = 2147483647;
			files = (
				85DAC11B2C975BE00026A171 /* ContentView.swift in Sources */,
				85DAC1432C9772E00026A171 /* ConfettiView.swift in Sources */,
				85DAC1192C975BE00026A171 /* Milos_ShopApp.swift in Sources */,
			);
			runOnlyForDeploymentPostprocessing = 0;
		};
		85DAC1212C975BE20026A171 /* Sources */ = {
			isa = PBXSourcesBuildPhase;
			buildActionMask = 2147483647;
			files = (
				85DAC12A2C975BE20026A171 /* Milos_ShopTests.swift in Sources */,
			);
			runOnlyForDeploymentPostprocessing = 0;
		};
		85DAC12B2C975BE20026A171 /* Sources */ = {
			isa = PBXSourcesBuildPhase;
			buildActionMask = 2147483647;
			files = (
				85DAC1342C975BE20026A171 /* Milos_ShopUITests.swift in Sources */,
				85DAC1362C975BE20026A171 /* Milos_ShopUITestsLaunchTests.swift in Sources */,
			);
			runOnlyForDeploymentPostprocessing = 0;
		};
/* End PBXSourcesBuildPhase section */

/* Begin PBXTargetDependency section */
		85DAC1272C975BE20026A171 /* PBXTargetDependency */ = {
			isa = PBXTargetDependency;
			target = 85DAC1142C975BE00026A171 /* Milos Shop */;
			targetProxy = 85DAC1262C975BE20026A171 /* PBXContainerItemProxy */;
		};
		85DAC1312C975BE20026A171 /* PBXTargetDependency */ = {
			isa = PBXTargetDependency;
			target = 85DAC1142C975BE00026A171 /* Milos Shop */;
			targetProxy = 85DAC1302C975BE20026A171 /* PBXContainerItemProxy */;
		};
/* End PBXTargetDependency section */

/* Begin XCBuildConfiguration section */
		85DAC1372C975BE20026A171 /* Debug */ = {
			isa = XCBuildConfiguration;
			buildSettings = {
				ALWAYS_SEARCH_USER_PATHS = NO;
				ASSETCATALOG_COMPILER_GENERATE_SWIFT_ASSET_SYMBOL_EXTENSIONS = YES;
				CLANG_ANALYZER_NONNULL = YES;
				CLANG_ANALYZER_NUMBER_OBJECT_CONVERSION = YES_AGGRESSIVE;
				CLANG_CXX_LANGUAGE_STANDARD = "gnu++20";
				CLANG_ENABLE_MODULES = YES;
				CLANG_ENABLE_OBJC_ARC = YES;
				CLANG_ENABLE_OBJC_WEAK = YES;
				CLANG_WARN_BLOCK_CAPTURE_AUTORELEASING = YES;
				CLANG_WARN_BOOL_CONVERSION = YES;
				CLANG_WARN_COMMA = YES;
				CLANG_WARN_CONSTANT_CONVERSION = YES;
				CLANG_WARN_DEPRECATED_OBJC_IMPLEMENTATIONS = YES;
				CLANG_WARN_DIRECT_OBJC_ISA_USAGE = YES_ERROR;
				CLANG_WARN_DOCUMENTATION_COMMENTS = YES;
				CLANG_WARN_EMPTY_BODY = YES;
				CLANG_WARN_ENUM_CONVERSION = YES;
				CLANG_WARN_INFINITE_RECURSION = YES;
				CLANG_WARN_INT_CONVERSION = YES;
				CLANG_WARN_NON_LITERAL_NULL_CONVERSION = YES;
				CLANG_WARN_OBJC_IMPLICIT_RETAIN_SELF = YES;
				CLANG_WARN_OBJC_LITERAL_CONVERSION = YES;
				CLANG_WARN_OBJC_ROOT_CLASS = YES_ERROR;
				CLANG_WARN_QUOTED_INCLUDE_IN_FRAMEWORK_HEADER = YES;
				CLANG_WARN_RANGE_LOOP_ANALYSIS = YES;
				CLANG_WARN_STRICT_PROTOTYPES = YES;
				CLANG_WARN_SUSPICIOUS_MOVE = YES;
				CLANG_WARN_UNGUARDED_AVAILABILITY = YES_AGGRESSIVE;
				CLANG_WARN_UNREACHABLE_CODE = YES;
				CLANG_WARN__DUPLICATE_METHOD_MATCH = YES;
				COPY_PHASE_STRIP = NO;
				DEBUG_INFORMATION_FORMAT = dwarf;
				ENABLE_STRICT_OBJC_MSGSEND = YES;
				ENABLE_TESTABILITY = YES;
				ENABLE_USER_SCRIPT_SANDBOXING = YES;
				GCC_C_LANGUAGE_STANDARD = gnu17;
				GCC_DYNAMIC_NO_PIC = NO;
				GCC_NO_COMMON_BLOCKS = YES;
				GCC_OPTIMIZATION_LEVEL = 0;
				GCC_PREPROCESSOR_DEFINITIONS = (
					"DEBUG=1",
					"$(inherited)",
				);
				GCC_WARN_64_TO_32_BIT_CONVERSION = YES;
				GCC_WARN_ABOUT_RETURN_TYPE = YES_ERROR;
				GCC_WARN_UNDECLARED_SELECTOR = YES;
				GCC_WARN_UNINITIALIZED_AUTOS = YES_AGGRESSIVE;
				GCC_WARN_UNUSED_FUNCTION = YES;
				GCC_WARN_UNUSED_VARIABLE = YES;
				IPHONEOS_DEPLOYMENT_TARGET = 17.5;
				LOCALIZATION_PREFERS_STRING_CATALOGS = YES;
				MTL_ENABLE_DEBUG_INFO = INCLUDE_SOURCE;
				MTL_FAST_MATH = YES;
				ONLY_ACTIVE_ARCH = YES;
				SDKROOT = iphoneos;
				SWIFT_ACTIVE_COMPILATION_CONDITIONS = "DEBUG $(inherited)";
				SWIFT_OPTIMIZATION_LEVEL = "-Onone";
			};
			name = Debug;
		};
		85DAC1382C975BE20026A171 /* Release */ = {
			isa = XCBuildConfiguration;
			buildSettings = {
				ALWAYS_SEARCH_USER_PATHS = NO;
				ASSETCATALOG_COMPILER_GENERATE_SWIFT_ASSET_SYMBOL_EXTENSIONS = YES;
				CLANG_ANALYZER_NONNULL = YES;
				CLANG_ANALYZER_NUMBER_OBJECT_CONVERSION = YES_AGGRESSIVE;
				CLANG_CXX_LANGUAGE_STANDARD = "gnu++20";
				CLANG_ENABLE_MODULES = YES;
				CLANG_ENABLE_OBJC_ARC = YES;
				CLANG_ENABLE_OBJC_WEAK = YES;
				CLANG_WARN_BLOCK_CAPTURE_AUTORELEASING = YES;
				CLANG_WARN_BOOL_CONVERSION = YES;
				CLANG_WARN_COMMA = YES;
				CLANG_WARN_CONSTANT_CONVERSION = YES;
				CLANG_WARN_DEPRECATED_OBJC_IMPLEMENTATIONS = YES;
				CLANG_WARN_DIRECT_OBJC_ISA_USAGE = YES_ERROR;
				CLANG_WARN_DOCUMENTATION_COMMENTS = YES;
				CLANG_WARN_EMPTY_BODY = YES;
				CLANG_WARN_ENUM_CONVERSION = YES;
				CLANG_WARN_INFINITE_RECURSION = YES;
				CLANG_WARN_INT_CONVERSION = YES;
				CLANG_WARN_NON_LITERAL_NULL_CONVERSION = YES;
				CLANG_WARN_OBJC_IMPLICIT_RETAIN_SELF = YES;
				CLANG_WARN_OBJC_LITERAL_CONVERSION = YES;
				CLANG_WARN_OBJC_ROOT_CLASS = YES_ERROR;
				CLANG_WARN_QUOTED_INCLUDE_IN_FRAMEWORK_HEADER = YES;
				CLANG_WARN_RANGE_LOOP_ANALYSIS = YES;
				CLANG_WARN_STRICT_PROTOTYPES = YES;
				CLANG_WARN_SUSPICIOUS_MOVE = YES;
				CLANG_WARN_UNGUARDED_AVAILABILITY = YES_AGGRESSIVE;
				CLANG_WARN_UNREACHABLE_CODE = YES;
				CLANG_WARN__DUPLICATE_METHOD_MATCH = YES;
				COPY_PHASE_STRIP = NO;
				DEBUG_INFORMATION_FORMAT = "dwarf-with-dsym";
				ENABLE_NS_ASSERTIONS = NO;
				ENABLE_STRICT_OBJC_MSGSEND = YES;
				ENABLE_USER_SCRIPT_SANDBOXING = YES;
				GCC_C_LANGUAGE_STANDARD = gnu17;
				GCC_NO_COMMON_BLOCKS = YES;
				GCC_WARN_64_TO_32_BIT_CONVERSION = YES;
				GCC_WARN_ABOUT_RETURN_TYPE = YES_ERROR;
				GCC_WARN_UNDECLARED_SELECTOR = YES;
				GCC_WARN_UNINITIALIZED_AUTOS = YES_AGGRESSIVE;
				GCC_WARN_UNUSED_FUNCTION = YES;
				GCC_WARN_UNUSED_VARIABLE = YES;
				IPHONEOS_DEPLOYMENT_TARGET = 17.5;
				LOCALIZATION_PREFERS_STRING_CATALOGS = YES;
				MTL_ENABLE_DEBUG_INFO = NO;
				MTL_FAST_MATH = YES;
				SDKROOT = iphoneos;
				SWIFT_COMPILATION_MODE = wholemodule;
				VALIDATE_PRODUCT = YES;
			};
			name = Release;
		};
		85DAC13A2C975BE20026A171 /* Debug */ = {
			isa = XCBuildConfiguration;
			buildSettings = {
				ASSETCATALOG_COMPILER_APPICON_NAME = AppIcon;
				ASSETCATALOG_COMPILER_GLOBAL_ACCENT_COLOR_NAME = AccentColor;
				ASSETCATALOG_COMPILER_INCLUDE_ALL_APPICON_ASSETS = YES;
				CODE_SIGN_STYLE = Automatic;
				CURRENT_PROJECT_VERSION = 1;
				DEVELOPMENT_ASSET_PATHS = "\"Milos Shop/Preview Content\"";
				ENABLE_PREVIEWS = YES;
				GENERATE_INFOPLIST_FILE = YES;
				INFOPLIST_KEY_CFBundleDisplayName = "Milos Shop";
				INFOPLIST_KEY_LSApplicationCategoryType = "public.app-category.shopping";
				INFOPLIST_KEY_UIApplicationSceneManifest_Generation = YES;
				INFOPLIST_KEY_UIApplicationSupportsIndirectInputEvents = YES;
				INFOPLIST_KEY_UILaunchScreen_Generation = YES;
				INFOPLIST_KEY_UISupportedInterfaceOrientations_iPad = "UIInterfaceOrientationPortrait UIInterfaceOrientationPortraitUpsideDown UIInterfaceOrientationLandscapeLeft UIInterfaceOrientationLandscapeRight";
				INFOPLIST_KEY_UISupportedInterfaceOrientations_iPhone = "UIInterfaceOrientationPortrait UIInterfaceOrientationLandscapeLeft UIInterfaceOrientationLandscapeRight";
				LD_RUNPATH_SEARCH_PATHS = (
					"$(inherited)",
					"@executable_path/Frameworks",
				);
				MARKETING_VERSION = 1.0;
				PRODUCT_BUNDLE_IDENTIFIER = "com.Milos-Shop.Milos-Shop";
				PRODUCT_NAME = "$(TARGET_NAME)";
				SWIFT_EMIT_LOC_STRINGS = YES;
				SWIFT_VERSION = 5.0;
				TARGETED_DEVICE_FAMILY = "1,2";
			};
			name = Debug;
		};
		85DAC13B2C975BE20026A171 /* Release */ = {
			isa = XCBuildConfiguration;
			buildSettings = {
				ASSETCATALOG_COMPILER_APPICON_NAME = AppIcon;
				ASSETCATALOG_COMPILER_GLOBAL_ACCENT_COLOR_NAME = AccentColor;
				ASSETCATALOG_COMPILER_INCLUDE_ALL_APPICON_ASSETS = YES;
				CODE_SIGN_STYLE = Automatic;
				CURRENT_PROJECT_VERSION = 1;
				DEVELOPMENT_ASSET_PATHS = "\"Milos Shop/Preview Content\"";
				ENABLE_PREVIEWS = YES;
				GENERATE_INFOPLIST_FILE = YES;
				INFOPLIST_KEY_CFBundleDisplayName = "Milos Shop";
				INFOPLIST_KEY_LSApplicationCategoryType = "public.app-category.shopping";
				INFOPLIST_KEY_UIApplicationSceneManifest_Generation = YES;
				INFOPLIST_KEY_UIApplicationSupportsIndirectInputEvents = YES;
				INFOPLIST_KEY_UILaunchScreen_Generation = YES;
				INFOPLIST_KEY_UISupportedInterfaceOrientations_iPad = "UIInterfaceOrientationPortrait UIInterfaceOrientationPortraitUpsideDown UIInterfaceOrientationLandscapeLeft UIInterfaceOrientationLandscapeRight";
				INFOPLIST_KEY_UISupportedInterfaceOrientations_iPhone = "UIInterfaceOrientationPortrait UIInterfaceOrientationLandscapeLeft UIInterfaceOrientationLandscapeRight";
				LD_RUNPATH_SEARCH_PATHS = (
					"$(inherited)",
					"@executable_path/Frameworks",
				);
				MARKETING_VERSION = 1.0;
				PRODUCT_BUNDLE_IDENTIFIER = "com.Milos-Shop.Milos-Shop";
				PRODUCT_NAME = "$(TARGET_NAME)";
				SWIFT_EMIT_LOC_STRINGS = YES;
				SWIFT_VERSION = 5.0;
				TARGETED_DEVICE_FAMILY = "1,2";
			};
			name = Release;
		};
		85DAC13D2C975BE20026A171 /* Debug */ = {
			isa = XCBuildConfiguration;
			buildSettings = {
				ALWAYS_EMBED_SWIFT_STANDARD_LIBRARIES = YES;
				BUNDLE_LOADER = "$(TEST_HOST)";
				CODE_SIGN_STYLE = Automatic;
				CURRENT_PROJECT_VERSION = 1;
				GENERATE_INFOPLIST_FILE = YES;
				IPHONEOS_DEPLOYMENT_TARGET = 17.5;
				MARKETING_VERSION = 1.0;
				PRODUCT_BUNDLE_IDENTIFIER = "com.Milos-Shop.Milos-ShopTests";
				PRODUCT_NAME = "$(TARGET_NAME)";
				SWIFT_EMIT_LOC_STRINGS = NO;
				SWIFT_VERSION = 5.0;
				TARGETED_DEVICE_FAMILY = "1,2";
				TEST_HOST = "$(BUILT_PRODUCTS_DIR)/Milos Shop.app/$(BUNDLE_EXECUTABLE_FOLDER_PATH)/Milos Shop";
			};
			name = Debug;
		};
		85DAC13E2C975BE20026A171 /* Release */ = {
			isa = XCBuildConfiguration;
			buildSettings = {
				ALWAYS_EMBED_SWIFT_STANDARD_LIBRARIES = YES;
				BUNDLE_LOADER = "$(TEST_HOST)";
				CODE_SIGN_STYLE = Automatic;
				CURRENT_PROJECT_VERSION = 1;
				GENERATE_INFOPLIST_FILE = YES;
				IPHONEOS_DEPLOYMENT_TARGET = 17.5;
				MARKETING_VERSION = 1.0;
				PRODUCT_BUNDLE_IDENTIFIER = "com.Milos-Shop.Milos-ShopTests";
				PRODUCT_NAME = "$(TARGET_NAME)";
				SWIFT_EMIT_LOC_STRINGS = NO;
				SWIFT_VERSION = 5.0;
				TARGETED_DEVICE_FAMILY = "1,2";
				TEST_HOST = "$(BUILT_PRODUCTS_DIR)/Milos Shop.app/$(BUNDLE_EXECUTABLE_FOLDER_PATH)/Milos Shop";
			};
			name = Release;
		};
		85DAC1402C975BE20026A171 /* Debug */ = {
			isa = XCBuildConfiguration;
			buildSettings = {
				ALWAYS_EMBED_SWIFT_STANDARD_LIBRARIES = YES;
				CODE_SIGN_STYLE = Automatic;
				CURRENT_PROJECT_VERSION = 1;
				GENERATE_INFOPLIST_FILE = YES;
				MARKETING_VERSION = 1.0;
				PRODUCT_BUNDLE_IDENTIFIER = "com.Milos-Shop.Milos-ShopUITests";
				PRODUCT_NAME = "$(TARGET_NAME)";
				SWIFT_EMIT_LOC_STRINGS = NO;
				SWIFT_VERSION = 5.0;
				TARGETED_DEVICE_FAMILY = "1,2";
				TEST_TARGET_NAME = "Milos Shop";
			};
			name = Debug;
		};
		85DAC1412C975BE20026A171 /* Release */ = {
			isa = XCBuildConfiguration;
			buildSettings = {
				ALWAYS_EMBED_SWIFT_STANDARD_LIBRARIES = YES;
				CODE_SIGN_STYLE = Automatic;
				CURRENT_PROJECT_VERSION = 1;
				GENERATE_INFOPLIST_FILE = YES;
				MARKETING_VERSION = 1.0;
				PRODUCT_BUNDLE_IDENTIFIER = "com.Milos-Shop.Milos-ShopUITests";
				PRODUCT_NAME = "$(TARGET_NAME)";
				SWIFT_EMIT_LOC_STRINGS = NO;
				SWIFT_VERSION = 5.0;
				TARGETED_DEVICE_FAMILY = "1,2";
				TEST_TARGET_NAME = "Milos Shop";
			};
			name = Release;
		};
/* End XCBuildConfiguration section */

/* Begin XCConfigurationList section */
		85DAC1102C975BDF0026A171 /* Build configuration list for PBXProject "Milos Shop" */ = {
			isa = XCConfigurationList;
			buildConfigurations = (
				85DAC1372C975BE20026A171 /* Debug */,
				85DAC1382C975BE20026A171 /* Release */,
			);
			defaultConfigurationIsVisible = 0;
			defaultConfigurationName = Release;
		};
		85DAC1392C975BE20026A171 /* Build configuration list for PBXNativeTarget "Milos Shop" */ = {
			isa = XCConfigurationList;
			buildConfigurations = (
				85DAC13A2C975BE20026A171 /* Debug */,
				85DAC13B2C975BE20026A171 /* Release */,
			);
			defaultConfigurationIsVisible = 0;
			defaultConfigurationName = Release;
		};
		85DAC13C2C975BE20026A171 /* Build configuration list for PBXNativeTarget "Milos ShopTests" */ = {
			isa = XCConfigurationList;
			buildConfigurations = (
				85DAC13D2C975BE20026A171 /* Debug */,
				85DAC13E2C975BE20026A171 /* Release */,
			);
			defaultConfigurationIsVisible = 0;
			defaultConfigurationName = Release;
		};
		85DAC13F2C975BE20026A171 /* Build configuration list for PBXNativeTarget "Milos ShopUITests" */ = {
			isa = XCConfigurationList;
			buildConfigurations = (
				85DAC1402C975BE20026A171 /* Debug */,
				85DAC1412C975BE20026A171 /* Release */,
			);
			defaultConfigurationIsVisible = 0;
			defaultConfigurationName = Release;
		};
/* End XCConfigurationList section */
	};
	rootObject = 85DAC10D2C975BDF0026A171 /* Project object */;
}
